// !$*UTF8*$!
{
	archiveVersion = 1;
	classes = {
	};
	objectVersion = 54;
	objects = {

/* Begin PBXBuildFile section */
		7A0000000000000000000001 /* ThruRNDIS.icon in Resources */ = {isa = PBXBuildFile; fileRef = 7A0000000000000000000101 /* ThruRNDIS.icon */; };
		7B0000000000000000000001 /* ThruRNDISMenuBarIcon.svg in Resources */ = {isa = PBXBuildFile; fileRef = 7B0000000000000000000101 /* ThruRNDISMenuBarIcon.svg */; };
		8B0000000000000000000001 /* App.swift in Sources */ = {isa = PBXBuildFile; fileRef = 8B0000000000000000000101 /* App.swift */; };
		8B0000000000000000000003 /* USBAccessoryRecord.swift in Sources */ = {isa = PBXBuildFile; fileRef = 8B0000000000000000000103 /* USBAccessoryRecord.swift */; };
		8B0000000000000000000004 /* VMRuntimeState.swift in Sources */ = {isa = PBXBuildFile; fileRef = 8B0000000000000000000104 /* VMRuntimeState.swift */; };
		8B0000000000000000000005 /* USBAccessoryMonitor.swift in Sources */ = {isa = PBXBuildFile; fileRef = 8B0000000000000000000105 /* USBAccessoryMonitor.swift */; };
		8B0000000000000000000007 /* VMConfigurationFactory.swift in Sources */ = {isa = PBXBuildFile; fileRef = 8B0000000000000000000107 /* VMConfigurationFactory.swift */; };
		8B0000000000000000000008 /* TetheringStore.swift in Sources */ = {isa = PBXBuildFile; fileRef = 8B0000000000000000000108 /* TetheringStore.swift */; };
		8B0000000000000000000009 /* Clipboard.swift in Sources */ = {isa = PBXBuildFile; fileRef = 8B0000000000000000000109 /* Clipboard.swift */; };
		8B000000000000000000000A /* FilePicker.swift in Sources */ = {isa = PBXBuildFile; fileRef = 8B000000000000000000010A /* FilePicker.swift */; };
		8B000000000000000000000B /* SettingsView.swift in Sources */ = {isa = PBXBuildFile; fileRef = 8B000000000000000000010B /* SettingsView.swift */; };
		8B000000000000000000000C /* VirtualMachineView.swift in Sources */ = {isa = PBXBuildFile; fileRef = 8B000000000000000000010C /* VirtualMachineView.swift */; };
		8B000000000000000000000D /* USBDevicesView.swift in Sources */ = {isa = PBXBuildFile; fileRef = 8B000000000000000000010D /* USBDevicesView.swift */; };
		8B000000000000000000000E /* ConsoleView.swift in Sources */ = {isa = PBXBuildFile; fileRef = 8B000000000000000000010E /* ConsoleView.swift */; };
		8B000000000000000000000F /* WireGuardView.swift in Sources */ = {isa = PBXBuildFile; fileRef = 8B000000000000000000010F /* WireGuardView.swift */; };
		8B0000000000000000000012 /* RuntimeEntitlements.swift in Sources */ = {isa = PBXBuildFile; fileRef = 8B0000000000000000000112 /* RuntimeEntitlements.swift */; };
		8E0000000000000000000001 /* SwiftTerm in Frameworks */ = {isa = PBXBuildFile; productRef = 8E0000000000000000000102 /* SwiftTerm */; };
		8F0000000000000000000001 /* WireGuardSettings.swift in Sources */ = {isa = PBXBuildFile; fileRef = 8F0000000000000000000101 /* WireGuardSettings.swift */; };
		8F0000000000000000000002 /* WireGuardConfBuilder.swift in Sources */ = {isa = PBXBuildFile; fileRef = 8F0000000000000000000102 /* WireGuardConfBuilder.swift */; };
		8F0000000000000000000003 /* VMCoordinator.swift in Sources */ = {isa = PBXBuildFile; fileRef = 8F0000000000000000000103 /* VMCoordinator.swift */; };
		8F0000000000000000000004 /* USBAccessoryCoordinator.swift in Sources */ = {isa = PBXBuildFile; fileRef = 8F0000000000000000000104 /* USBAccessoryCoordinator.swift */; };
		8F0000000000000000000005 /* WireGuardConfStore.swift in Sources */ = {isa = PBXBuildFile; fileRef = 8F0000000000000000000105 /* WireGuardConfStore.swift */; };
		9A0000000000000000000001 /* MenuBarController.swift in Sources */ = {isa = PBXBuildFile; fileRef = 9A0000000000000000000101 /* MenuBarController.swift */; };
		9A0000000000000000000002 /* OnboardingWindowController.swift in Sources */ = {isa = PBXBuildFile; fileRef = 9A0000000000000000000102 /* OnboardingWindowController.swift */; };
		9A0000000000000000000003 /* USBAttachmentPrompt.swift in Sources */ = {isa = PBXBuildFile; fileRef = 9A0000000000000000000103 /* USBAttachmentPrompt.swift */; };
		9A0000000000000000000004 /* LaunchAtLoginService.swift in Sources */ = {isa = PBXBuildFile; fileRef = 9A0000000000000000000104 /* LaunchAtLoginService.swift */; };
		9A0000000000000000000005 /* GeneralView.swift in Sources */ = {isa = PBXBuildFile; fileRef = 9A0000000000000000000105 /* GeneralView.swift */; };
		9A0000000000000000000006 /* OnboardingView.swift in Sources */ = {isa = PBXBuildFile; fileRef = 9A0000000000000000000106 /* OnboardingView.swift */; };
		9A0000000000000000000007 /* SettingsWindowController.swift in Sources */ = {isa = PBXBuildFile; fileRef = 9A0000000000000000000107 /* SettingsWindowController.swift */; };
		9A0000000000000000000008 /* ConsoleWindowController.swift in Sources */ = {isa = PBXBuildFile; fileRef = 9A0000000000000000000108 /* ConsoleWindowController.swift */; };
		9A0000000000000000000009 /* InfoView.swift in Sources */ = {isa = PBXBuildFile; fileRef = 9A0000000000000000000109 /* InfoView.swift */; };
		B10000000000000000000001 /* VMAssetModels.swift in Sources */ = {isa = PBXBuildFile; fileRef = B10000000000000000000101 /* VMAssetModels.swift */; };
		B10000000000000000000002 /* VMAssetFolderResolver.swift in Sources */ = {isa = PBXBuildFile; fileRef = B10000000000000000000102 /* VMAssetFolderResolver.swift */; };
		B10000000000000000000003 /* GitHubVMAssetReleaseService.swift in Sources */ = {isa = PBXBuildFile; fileRef = B10000000000000000000103 /* GitHubVMAssetReleaseService.swift */; };
		B10000000000000000000004 /* VMAssetDownloadService.swift in Sources */ = {isa = PBXBuildFile; fileRef = B10000000000000000000104 /* VMAssetDownloadService.swift */; };
		B10000000000000000000005 /* VMAssetInstallService.swift in Sources */ = {isa = PBXBuildFile; fileRef = B10000000000000000000105 /* VMAssetInstallService.swift */; };
		B10000000000000000000006 /* VMAssetSelectionStore.swift in Sources */ = {isa = PBXBuildFile; fileRef = B10000000000000000000106 /* VMAssetSelectionStore.swift */; };
		B10000000000000000000007 /* VMAssetWorkflowCoordinator.swift in Sources */ = {isa = PBXBuildFile; fileRef = B10000000000000000000107 /* VMAssetWorkflowCoordinator.swift */; };
		C10000000000000000000001 /* VMAssetTestSupport.swift in Sources */ = {isa = PBXBuildFile; fileRef = C10000000000000000000101 /* VMAssetTestSupport.swift */; };
		C10000000000000000000002 /* VMAssetSelectionStoreTests.swift in Sources */ = {isa = PBXBuildFile; fileRef = C10000000000000000000102 /* VMAssetSelectionStoreTests.swift */; };
		C10000000000000000000003 /* VMAssetServiceTests.swift in Sources */ = {isa = PBXBuildFile; fileRef = C10000000000000000000103 /* VMAssetServiceTests.swift */; };
		C10000000000000000000004 /* VMAssetWorkflowCoordinatorTests.swift in Sources */ = {isa = PBXBuildFile; fileRef = C10000000000000000000104 /* VMAssetWorkflowCoordinatorTests.swift */; };
		C10000000000000000000005 /* XCTest.framework in Frameworks */ = {isa = PBXBuildFile; fileRef = C10000000000000000000106 /* XCTest.framework */; };
		D10000000000000000000001 /* ConsoleSessionStore.swift in Sources */ = {isa = PBXBuildFile; fileRef = D10000000000000000000101 /* ConsoleSessionStore.swift */; };
		H10000000000000000000001 /* EventLogStore.swift in Sources */ = {isa = PBXBuildFile; fileRef = H10000000000000000000101 /* EventLogStore.swift */; };
		D10000000000000000000002 /* USBSessionStore.swift in Sources */ = {isa = PBXBuildFile; fileRef = D10000000000000000000102 /* USBSessionStore.swift */; };
		D10000000000000000000003 /* VMConfigurationStore.swift in Sources */ = {isa = PBXBuildFile; fileRef = D10000000000000000000103 /* VMConfigurationStore.swift */; };
		D10000000000000000000004 /* VMCoordinating.swift in Sources */ = {isa = PBXBuildFile; fileRef = D10000000000000000000104 /* VMCoordinating.swift */; };
		D10000000000000000000005 /* SessionStoreTests.swift in Sources */ = {isa = PBXBuildFile; fileRef = D10000000000000000000105 /* SessionStoreTests.swift */; };
		D10000000000000000000006 /* VMAssetStorageLayout.swift in Sources */ = {isa = PBXBuildFile; fileRef = D10000000000000000000106 /* VMAssetStorageLayout.swift */; };
		E10000000000000000000001 /* USBDeviceNameResolver.swift in Sources */ = {isa = PBXBuildFile; fileRef = E10000000000000000000101 /* USBDeviceNameResolver.swift */; };
		E20000000000000000000001 /* ReplayableVideoView.swift in Sources */ = {isa = PBXBuildFile; fileRef = E20000000000000000000101 /* ReplayableVideoView.swift */; };
		E20000000000000000000002 /* HeaderView.swift in Sources */ = {isa = PBXBuildFile; fileRef = E20000000000000000000102 /* HeaderView.swift */; };
		E20000000000000000000003 /* CommandBlock.swift in Sources */ = {isa = PBXBuildFile; fileRef = E20000000000000000000103 /* CommandBlock.swift */; };
		E20000000000000000000004 /* LogTextView.swift in Sources */ = {isa = PBXBuildFile; fileRef = E20000000000000000000104 /* LogTextView.swift */; };
		E20000000000000000000005 /* EventLogGroup.swift in Sources */ = {isa = PBXBuildFile; fileRef = E20000000000000000000105 /* EventLogGroup.swift */; };
		F10000000000000000000001 /* AccessoryAccessOnboarding.mp4 in Resources */ = {isa = PBXBuildFile; fileRef = F10000000000000000000101 /* AccessoryAccessOnboarding.mp4 */; };
		F20000000000000000000001 /* VideoPlaybackStore.swift in Sources */ = {isa = PBXBuildFile; fileRef = F20000000000000000000101 /* VideoPlaybackStore.swift */; };
		G10000000000000000000001 /* Localizable.xcstrings in Resources */ = {isa = PBXBuildFile; fileRef = G10000000000000000000101 /* Localizable.xcstrings */; };
/* End PBXBuildFile section */

/* Begin PBXContainerItemProxy section */
		C10000000000000000000701 /* PBXContainerItemProxy */ = {
			isa = PBXContainerItemProxy;
			containerPortal = 374FD24F24CBADD100890848 /* Project object */;
			proxyType = 1;
			remoteGlobalIDString = 374FD25624CBADD100890848;
			remoteInfo = ThruRNDIS;
		};
/* End PBXContainerItemProxy section */

/* Begin PBXFileReference section */
		374FD25724CBADD100890848 /* ThruRNDIS.app */ = {isa = PBXFileReference; explicitFileType = wrapper.application; includeInIndex = 0; path = ThruRNDIS.app; sourceTree = BUILT_PRODUCTS_DIR; };
		374FD26124CBAE6700890848 /* ThruRNDIS.entitlements */ = {isa = PBXFileReference; lastKnownFileType = text.plist.entitlements; path = ThruRNDIS.entitlements; sourceTree = "<group>"; };
		374FD26224CBAE6700890848 /* Runtime.entitlements */ = {isa = PBXFileReference; lastKnownFileType = text.plist.entitlements; path = Runtime.entitlements; sourceTree = "<group>"; };
		3B6662F3321F8749BDBDDB08 /* LICENSE.txt */ = {isa = PBXFileReference; includeInIndex = 1; lastKnownFileType = text; path = LICENSE.txt; sourceTree = "<group>"; };
		415EB883448D759F3C023B32 /* README.md */ = {isa = PBXFileReference; lastKnownFileType = net.daringfireball.markdown; path = README.md; sourceTree = "<group>"; };
		7A0000000000000000000101 /* ThruRNDIS.icon */ = {isa = PBXFileReference; lastKnownFileType = folder.iconcomposer.icon; path = ThruRNDIS.icon; sourceTree = "<group>"; };
		7B0000000000000000000101 /* ThruRNDISMenuBarIcon.svg */ = {isa = PBXFileReference; lastKnownFileType = image.svg; path = ThruRNDISMenuBarIcon.svg; sourceTree = "<group>"; };
		8B0000000000000000000101 /* App.swift */ = {isa = PBXFileReference; lastKnownFileType = sourcecode.swift; path = App.swift; sourceTree = "<group>"; };
		8B0000000000000000000103 /* USBAccessoryRecord.swift */ = {isa = PBXFileReference; lastKnownFileType = sourcecode.swift; path = USBAccessoryRecord.swift; sourceTree = "<group>"; };
		8B0000000000000000000104 /* VMRuntimeState.swift */ = {isa = PBXFileReference; lastKnownFileType = sourcecode.swift; path = VMRuntimeState.swift; sourceTree = "<group>"; };
		8B0000000000000000000105 /* USBAccessoryMonitor.swift */ = {isa = PBXFileReference; lastKnownFileType = sourcecode.swift; path = USBAccessoryMonitor.swift; sourceTree = "<group>"; };
		8B0000000000000000000107 /* VMConfigurationFactory.swift */ = {isa = PBXFileReference; lastKnownFileType = sourcecode.swift; path = VMConfigurationFactory.swift; sourceTree = "<group>"; };
		8B0000000000000000000108 /* TetheringStore.swift */ = {isa = PBXFileReference; lastKnownFileType = sourcecode.swift; path = TetheringStore.swift; sourceTree = "<group>"; };
		8B0000000000000000000109 /* Clipboard.swift */ = {isa = PBXFileReference; lastKnownFileType = sourcecode.swift; path = Clipboard.swift; sourceTree = "<group>"; };
		8B000000000000000000010A /* FilePicker.swift */ = {isa = PBXFileReference; lastKnownFileType = sourcecode.swift; path = FilePicker.swift; sourceTree = "<group>"; };
		8B000000000000000000010B /* SettingsView.swift */ = {isa = PBXFileReference; lastKnownFileType = sourcecode.swift; path = SettingsView.swift; sourceTree = "<group>"; };
		8B000000000000000000010C /* VirtualMachineView.swift */ = {isa = PBXFileReference; lastKnownFileType = sourcecode.swift; path = VirtualMachineView.swift; sourceTree = "<group>"; };
		8B000000000000000000010D /* USBDevicesView.swift */ = {isa = PBXFileReference; lastKnownFileType = sourcecode.swift; path = USBDevicesView.swift; sourceTree = "<group>"; };
		8B000000000000000000010E /* ConsoleView.swift */ = {isa = PBXFileReference; lastKnownFileType = sourcecode.swift; path = ConsoleView.swift; sourceTree = "<group>"; };
		8B000000000000000000010F /* WireGuardView.swift */ = {isa = PBXFileReference; lastKnownFileType = sourcecode.swift; path = WireGuardView.swift; sourceTree = "<group>"; };
		8B0000000000000000000112 /* RuntimeEntitlements.swift */ = {isa = PBXFileReference; lastKnownFileType = sourcecode.swift; path = RuntimeEntitlements.swift; sourceTree = "<group>"; };
		8B0000000000000000000113 /* Info.plist */ = {isa = PBXFileReference; lastKnownFileType = text.plist.xml; path = Info.plist; sourceTree = "<group>"; };
		8F0000000000000000000101 /* WireGuardSettings.swift */ = {isa = PBXFileReference; lastKnownFileType = sourcecode.swift; path = WireGuardSettings.swift; sourceTree = "<group>"; };
		8F0000000000000000000102 /* WireGuardConfBuilder.swift */ = {isa = PBXFileReference; lastKnownFileType = sourcecode.swift; path = WireGuardConfBuilder.swift; sourceTree = "<group>"; };
		8F0000000000000000000103 /* VMCoordinator.swift */ = {isa = PBXFileReference; lastKnownFileType = sourcecode.swift; path = VMCoordinator.swift; sourceTree = "<group>"; };
		8F0000000000000000000104 /* USBAccessoryCoordinator.swift */ = {isa = PBXFileReference; lastKnownFileType = sourcecode.swift; path = USBAccessoryCoordinator.swift; sourceTree = "<group>"; };
		8F0000000000000000000105 /* WireGuardConfStore.swift */ = {isa = PBXFileReference; lastKnownFileType = sourcecode.swift; path = WireGuardConfStore.swift; sourceTree = "<group>"; };
		9A0000000000000000000101 /* MenuBarController.swift */ = {isa = PBXFileReference; lastKnownFileType = sourcecode.swift; path = MenuBarController.swift; sourceTree = "<group>"; };
		9A0000000000000000000102 /* OnboardingWindowController.swift */ = {isa = PBXFileReference; lastKnownFileType = sourcecode.swift; path = OnboardingWindowController.swift; sourceTree = "<group>"; };
		9A0000000000000000000103 /* USBAttachmentPrompt.swift */ = {isa = PBXFileReference; lastKnownFileType = sourcecode.swift; path = USBAttachmentPrompt.swift; sourceTree = "<group>"; };
		9A0000000000000000000104 /* LaunchAtLoginService.swift */ = {isa = PBXFileReference; lastKnownFileType = sourcecode.swift; path = LaunchAtLoginService.swift; sourceTree = "<group>"; };
		9A0000000000000000000105 /* GeneralView.swift */ = {isa = PBXFileReference; lastKnownFileType = sourcecode.swift; path = GeneralView.swift; sourceTree = "<group>"; };
		9A0000000000000000000106 /* OnboardingView.swift */ = {isa = PBXFileReference; lastKnownFileType = sourcecode.swift; path = OnboardingView.swift; sourceTree = "<group>"; };
		9A0000000000000000000107 /* SettingsWindowController.swift */ = {isa = PBXFileReference; lastKnownFileType = sourcecode.swift; path = SettingsWindowController.swift; sourceTree = "<group>"; };
		9A0000000000000000000108 /* ConsoleWindowController.swift */ = {isa = PBXFileReference; lastKnownFileType = sourcecode.swift; path = ConsoleWindowController.swift; sourceTree = "<group>"; };
		9A0000000000000000000109 /* InfoView.swift */ = {isa = PBXFileReference; lastKnownFileType = sourcecode.swift; path = InfoView.swift; sourceTree = "<group>"; };
		B10000000000000000000101 /* VMAssetModels.swift */ = {isa = PBXFileReference; lastKnownFileType = sourcecode.swift; path = VMAssetModels.swift; sourceTree = "<group>"; };
		B10000000000000000000102 /* VMAssetFolderResolver.swift */ = {isa = PBXFileReference; lastKnownFileType = sourcecode.swift; path = VMAssetFolderResolver.swift; sourceTree = "<group>"; };
		B10000000000000000000103 /* GitHubVMAssetReleaseService.swift */ = {isa = PBXFileReference; lastKnownFileType = sourcecode.swift; path = GitHubVMAssetReleaseService.swift; sourceTree = "<group>"; };
		B10000000000000000000104 /* VMAssetDownloadService.swift */ = {isa = PBXFileReference; lastKnownFileType = sourcecode.swift; path = VMAssetDownloadService.swift; sourceTree = "<group>"; };
		B10000000000000000000105 /* VMAssetInstallService.swift */ = {isa = PBXFileReference; lastKnownFileType = sourcecode.swift; path = VMAssetInstallService.swift; sourceTree = "<group>"; };
		B10000000000000000000106 /* VMAssetSelectionStore.swift */ = {isa = PBXFileReference; lastKnownFileType = sourcecode.swift; path = VMAssetSelectionStore.swift; sourceTree = "<group>"; };
		B10000000000000000000107 /* VMAssetWorkflowCoordinator.swift */ = {isa = PBXFileReference; lastKnownFileType = sourcecode.swift; path = VMAssetWorkflowCoordinator.swift; sourceTree = "<group>"; };
		C10000000000000000000101 /* VMAssetTestSupport.swift */ = {isa = PBXFileReference; lastKnownFileType = sourcecode.swift; path = VMAssetTestSupport.swift; sourceTree = "<group>"; };
		C10000000000000000000102 /* VMAssetSelectionStoreTests.swift */ = {isa = PBXFileReference; lastKnownFileType = sourcecode.swift; path = VMAssetSelectionStoreTests.swift; sourceTree = "<group>"; };
		C10000000000000000000103 /* VMAssetServiceTests.swift */ = {isa = PBXFileReference; lastKnownFileType = sourcecode.swift; path = VMAssetServiceTests.swift; sourceTree = "<group>"; };
		C10000000000000000000104 /* VMAssetWorkflowCoordinatorTests.swift */ = {isa = PBXFileReference; lastKnownFileType = sourcecode.swift; path = VMAssetWorkflowCoordinatorTests.swift; sourceTree = "<group>"; };
		C10000000000000000000105 /* ThruRNDISTests.xctest */ = {isa = PBXFileReference; explicitFileType = wrapper.cfbundle; includeInIndex = 0; path = ThruRNDISTests.xctest; sourceTree = BUILT_PRODUCTS_DIR; };
		C10000000000000000000106 /* XCTest.framework */ = {isa = PBXFileReference; lastKnownFileType = wrapper.framework; name = XCTest.framework; path = System/Library/Frameworks/XCTest.framework; sourceTree = SDKROOT; };
		D10000000000000000000101 /* ConsoleSessionStore.swift */ = {isa = PBXFileReference; lastKnownFileType = sourcecode.swift; path = ConsoleSessionStore.swift; sourceTree = "<group>"; };
		H10000000000000000000101 /* EventLogStore.swift */ = {isa = PBXFileReference; lastKnownFileType = sourcecode.swift; path = EventLogStore.swift; sourceTree = "<group>"; };
		D10000000000000000000102 /* USBSessionStore.swift */ = {isa = PBXFileReference; lastKnownFileType = sourcecode.swift; path = USBSessionStore.swift; sourceTree = "<group>"; };
		D10000000000000000000103 /* VMConfigurationStore.swift */ = {isa = PBXFileReference; lastKnownFileType = sourcecode.swift; path = VMConfigurationStore.swift; sourceTree = "<group>"; };
		D10000000000000000000104 /* VMCoordinating.swift */ = {isa = PBXFileReference; lastKnownFileType = sourcecode.swift; path = VMCoordinating.swift; sourceTree = "<group>"; };
		D10000000000000000000105 /* SessionStoreTests.swift */ = {isa = PBXFileReference; lastKnownFileType = sourcecode.swift; path = SessionStoreTests.swift; sourceTree = "<group>"; };
		D10000000000000000000106 /* VMAssetStorageLayout.swift */ = {isa = PBXFileReference; lastKnownFileType = sourcecode.swift; path = VMAssetStorageLayout.swift; sourceTree = "<group>"; };
		E10000000000000000000101 /* USBDeviceNameResolver.swift */ = {isa = PBXFileReference; lastKnownFileType = sourcecode.swift; path = USBDeviceNameResolver.swift; sourceTree = "<group>"; };
		E20000000000000000000101 /* ReplayableVideoView.swift */ = {isa = PBXFileReference; lastKnownFileType = sourcecode.swift; path = ReplayableVideoView.swift; sourceTree = "<group>"; };
		E20000000000000000000102 /* HeaderView.swift */ = {isa = PBXFileReference; lastKnownFileType = sourcecode.swift; path = HeaderView.swift; sourceTree = "<group>"; };
		E20000000000000000000103 /* CommandBlock.swift */ = {isa = PBXFileReference; lastKnownFileType = sourcecode.swift; path = CommandBlock.swift; sourceTree = "<group>"; };
		E20000000000000000000104 /* LogTextView.swift */ = {isa = PBXFileReference; lastKnownFileType = sourcecode.swift; path = LogTextView.swift; sourceTree = "<group>"; };
		E20000000000000000000105 /* EventLogGroup.swift */ = {isa = PBXFileReference; lastKnownFileType = sourcecode.swift; path = EventLogGroup.swift; sourceTree = "<group>"; };
		E3865CF619CB3E4197A4D3AA /* LocalSigning.xcconfig.example */ = {isa = PBXFileReference; lastKnownFileType = text.xcconfig; name = LocalSigning.xcconfig.example; path = Configuration/LocalSigning.xcconfig.example; sourceTree = "<group>"; };
		E3865CF719CB3E4197A4D3A9 /* BuildSettings.xcconfig */ = {isa = PBXFileReference; lastKnownFileType = text.xcconfig; name = BuildSettings.xcconfig; path = Configuration/BuildSettings.xcconfig; sourceTree = "<group>"; };
		F10000000000000000000101 /* AccessoryAccessOnboarding.mp4 */ = {isa = PBXFileReference; lastKnownFileType = video.mp4; path = AccessoryAccessOnboarding.mp4; sourceTree = "<group>"; };
		F20000000000000000000101 /* VideoPlaybackStore.swift */ = {isa = PBXFileReference; lastKnownFileType = sourcecode.swift; path = VideoPlaybackStore.swift; sourceTree = "<group>"; };
		G10000000000000000000101 /* Localizable.xcstrings */ = {isa = PBXFileReference; lastKnownFileType = text.json.xcstrings; path = Localizable.xcstrings; sourceTree = "<group>"; };
/* End PBXFileReference section */

/* Begin PBXFrameworksBuildPhase section */
		374FD25424CBADD100890848 /* Frameworks */ = {
			isa = PBXFrameworksBuildPhase;
			buildActionMask = 2147483647;
			files = (
				8E0000000000000000000001 /* SwiftTerm in Frameworks */,
			);
			runOnlyForDeploymentPostprocessing = 0;
		};
		C10000000000000000000302 /* Frameworks */ = {
			isa = PBXFrameworksBuildPhase;
			buildActionMask = 2147483647;
			files = (
				C10000000000000000000005 /* XCTest.framework in Frameworks */,
			);
			runOnlyForDeploymentPostprocessing = 0;
		};
/* End PBXFrameworksBuildPhase section */

/* Begin PBXGroup section */
		374FD24E24CBADD100890848 = {
			isa = PBXGroup;
			children = (
				415EB883448D759F3C023B32 /* README.md */,
				374FD25924CBADD100890848 /* ThruRNDIS */,
				C10000000000000000000201 /* ThruRNDISTests */,
				8C0000000000000000000202 /* Frameworks */,
				374FD25824CBADD100890848 /* Products */,
				7311A096A816DCB7003B6B98 /* Configuration */,
				84CE507934101D4167798E3C /* LICENSE */,
			);
			sourceTree = "<group>";
		};
		374FD25824CBADD100890848 /* Products */ = {
			isa = PBXGroup;
			children = (
				374FD25724CBADD100890848 /* ThruRNDIS.app */,
				C10000000000000000000105 /* ThruRNDISTests.xctest */,
			);
			name = Products;
			sourceTree = "<group>";
		};
		374FD25924CBADD100890848 /* ThruRNDIS */ = {
			isa = PBXGroup;
			children = (
				7A0000000000000000000101 /* ThruRNDIS.icon */,
				7B0000000000000000000101 /* ThruRNDISMenuBarIcon.svg */,
				8B0000000000000000000201 /* App */,
				D10000000000000000000201 /* Presentation */,
				8B0000000000000000000202 /* Models */,
				8F0000000000000000000201 /* Coordinators */,
				8B0000000000000000000203 /* Services */,
				8B0000000000000000000204 /* Stores */,
				D10000000000000000000202 /* Persistence */,
				8B0000000000000000000205 /* Support */,
				8B0000000000000000000206 /* Views */,
				F10000000000000000000201 /* Resources */,
				8B0000000000000000000113 /* Info.plist */,
				374FD26124CBAE6700890848 /* ThruRNDIS.entitlements */,
				374FD26224CBAE6700890848 /* Runtime.entitlements */,
			);
			path = ThruRNDIS;
			sourceTree = "<group>";
		};
		7311A096A816DCB7003B6B98 /* Configuration */ = {
			isa = PBXGroup;
			children = (
				E3865CF719CB3E4197A4D3A9 /* BuildSettings.xcconfig */,
				E3865CF619CB3E4197A4D3AA /* LocalSigning.xcconfig.example */,
			);
			name = Configuration;
			sourceTree = "<group>";
		};
		84CE507934101D4167798E3C /* LICENSE */ = {
			isa = PBXGroup;
			children = (
				3B6662F3321F8749BDBDDB08 /* LICENSE.txt */,
			);
			name = LICENSE;
			path = .;
			sourceTree = "<group>";
		};
		8B0000000000000000000201 /* App */ = {
			isa = PBXGroup;
			children = (
				8B0000000000000000000101 /* App.swift */,
			);
			path = App;
			sourceTree = "<group>";
		};
		8B0000000000000000000202 /* Models */ = {
			isa = PBXGroup;
			children = (
				8B0000000000000000000103 /* USBAccessoryRecord.swift */,
				8B0000000000000000000104 /* VMRuntimeState.swift */,
				8F0000000000000000000101 /* WireGuardSettings.swift */,
				9A0000000000000000000103 /* USBAttachmentPrompt.swift */,
				B10000000000000000000101 /* VMAssetModels.swift */,
			);
			path = Models;
			sourceTree = "<group>";
		};
		8B0000000000000000000203 /* Services */ = {
			isa = PBXGroup;
			children = (
				8B0000000000000000000105 /* USBAccessoryMonitor.swift */,
				8B0000000000000000000107 /* VMConfigurationFactory.swift */,
				9A0000000000000000000104 /* LaunchAtLoginService.swift */,
				B10000000000000000000103 /* GitHubVMAssetReleaseService.swift */,
				B10000000000000000000104 /* VMAssetDownloadService.swift */,
				B10000000000000000000105 /* VMAssetInstallService.swift */,
			);
			path = Services;
			sourceTree = "<group>";
		};
		8B0000000000000000000204 /* Stores */ = {
			isa = PBXGroup;
			children = (
				8B0000000000000000000108 /* TetheringStore.swift */,
				H10000000000000000000101 /* EventLogStore.swift */,
				D10000000000000000000101 /* ConsoleSessionStore.swift */,
				D10000000000000000000102 /* USBSessionStore.swift */,
				D10000000000000000000103 /* VMConfigurationStore.swift */,
				F20000000000000000000101 /* VideoPlaybackStore.swift */,
			);
			path = Stores;
			sourceTree = "<group>";
		};
		8B0000000000000000000205 /* Support */ = {
			isa = PBXGroup;
			children = (
				8B0000000000000000000109 /* Clipboard.swift */,
				8B000000000000000000010A /* FilePicker.swift */,
				8B0000000000000000000112 /* RuntimeEntitlements.swift */,
				E10000000000000000000101 /* USBDeviceNameResolver.swift */,
				8F0000000000000000000102 /* WireGuardConfBuilder.swift */,
				B10000000000000000000102 /* VMAssetFolderResolver.swift */,
			);
			path = Support;
			sourceTree = "<group>";
		};
		8B0000000000000000000206 /* Views */ = {
			isa = PBXGroup;
			children = (
				9A000000000000000000020A /* Settings */,
				E20000000000000000000201 /* SharedViews */,
				9A0000000000000000000106 /* OnboardingView.swift */,
				8B000000000000000000010E /* ConsoleView.swift */,
			);
			path = Views;
			sourceTree = "<group>";
		};
		8C0000000000000000000202 /* Frameworks */ = {
			isa = PBXGroup;
			children = (
				C10000000000000000000106 /* XCTest.framework */,
			);
			name = Frameworks;
			sourceTree = "<group>";
		};
		8F0000000000000000000201 /* Coordinators */ = {
			isa = PBXGroup;
			children = (
				D10000000000000000000104 /* VMCoordinating.swift */,
				8F0000000000000000000103 /* VMCoordinator.swift */,
				8F0000000000000000000104 /* USBAccessoryCoordinator.swift */,
				B10000000000000000000107 /* VMAssetWorkflowCoordinator.swift */,
			);
			path = Coordinators;
			sourceTree = "<group>";
		};
		9A000000000000000000020A /* Settings */ = {
			isa = PBXGroup;
			children = (
				8B000000000000000000010B /* SettingsView.swift */,
				9A0000000000000000000105 /* GeneralView.swift */,
				8B000000000000000000010C /* VirtualMachineView.swift */,
				8B000000000000000000010D /* USBDevicesView.swift */,
				8B000000000000000000010F /* WireGuardView.swift */,
				9A0000000000000000000109 /* InfoView.swift */,
			);
			path = Settings;
			sourceTree = "<group>";
		};
		C10000000000000000000201 /* ThruRNDISTests */ = {
			isa = PBXGroup;
			children = (
				D10000000000000000000203 /* Coordinators */,
				D10000000000000000000204 /* Persistence */,
				D10000000000000000000205 /* Services */,
				D10000000000000000000206 /* Stores */,
				D10000000000000000000207 /* TestSupport */,
			);
			path = ThruRNDISTests;
			sourceTree = "<group>";
		};
		D10000000000000000000201 /* Presentation */ = {
			isa = PBXGroup;
			children = (
				9A0000000000000000000101 /* MenuBarController.swift */,
				9A0000000000000000000108 /* ConsoleWindowController.swift */,
				9A0000000000000000000102 /* OnboardingWindowController.swift */,
				9A0000000000000000000107 /* SettingsWindowController.swift */,
			);
			path = Presentation;
			sourceTree = "<group>";
		};
		D10000000000000000000202 /* Persistence */ = {
			isa = PBXGroup;
			children = (
				D10000000000000000000106 /* VMAssetStorageLayout.swift */,
				B10000000000000000000106 /* VMAssetSelectionStore.swift */,
				8F0000000000000000000105 /* WireGuardConfStore.swift */,
			);
			path = Persistence;
			sourceTree = "<group>";
		};
		D10000000000000000000203 /* Coordinators */ = {
			isa = PBXGroup;
			children = (
				C10000000000000000000104 /* VMAssetWorkflowCoordinatorTests.swift */,
			);
			path = Coordinators;
			sourceTree = "<group>";
		};
		D10000000000000000000204 /* Persistence */ = {
			isa = PBXGroup;
			children = (
				C10000000000000000000102 /* VMAssetSelectionStoreTests.swift */,
			);
			path = Persistence;
			sourceTree = "<group>";
		};
		D10000000000000000000205 /* Services */ = {
			isa = PBXGroup;
			children = (
				C10000000000000000000103 /* VMAssetServiceTests.swift */,
			);
			path = Services;
			sourceTree = "<group>";
		};
		D10000000000000000000206 /* Stores */ = {
			isa = PBXGroup;
			children = (
				D10000000000000000000105 /* SessionStoreTests.swift */,
			);
			path = Stores;
			sourceTree = "<group>";
		};
		D10000000000000000000207 /* TestSupport */ = {
			isa = PBXGroup;
			children = (
				C10000000000000000000101 /* VMAssetTestSupport.swift */,
			);
			path = TestSupport;
			sourceTree = "<group>";
		};
		E20000000000000000000201 /* SharedViews */ = {
			isa = PBXGroup;
			children = (
				E20000000000000000000101 /* ReplayableVideoView.swift */,
				E20000000000000000000102 /* HeaderView.swift */,
				E20000000000000000000103 /* CommandBlock.swift */,
				E20000000000000000000104 /* LogTextView.swift */,
				E20000000000000000000105 /* EventLogGroup.swift */,
			);
			path = SharedViews;
			sourceTree = "<group>";
		};
		F10000000000000000000201 /* Resources */ = {
			isa = PBXGroup;
			children = (
				F10000000000000000000101 /* AccessoryAccessOnboarding.mp4 */,
				G10000000000000000000101 /* Localizable.xcstrings */,
			);
			path = Resources;
			sourceTree = "<group>";
		};
/* End PBXGroup section */

/* Begin PBXNativeTarget section */
		374FD25624CBADD100890848 /* ThruRNDIS */ = {
			isa = PBXNativeTarget;
			buildConfigurationList = 374FD25E24CBADD100890848 /* Build configuration list for PBXNativeTarget "ThruRNDIS" */;
			buildPhases = (
				374FD25324CBADD100890848 /* Sources */,
				374FD25424CBADD100890848 /* Frameworks */,
				8D0000000000000000000301 /* Resources */,
			);
			buildRules = (
			);
			dependencies = (
			);
			name = ThruRNDIS;
			packageProductDependencies = (
				8E0000000000000000000102 /* SwiftTerm */,
			);
			productName = ThruRNDIS;
			productReference = 374FD25724CBADD100890848 /* ThruRNDIS.app */;
			productType = "com.apple.product-type.application";
		};
		C10000000000000000000401 /* ThruRNDISTests */ = {
			isa = PBXNativeTarget;
			buildConfigurationList = C10000000000000000000601 /* Build configuration list for PBXNativeTarget "ThruRNDISTests" */;
			buildPhases = (
				C10000000000000000000301 /* Sources */,
				C10000000000000000000302 /* Frameworks */,
				C10000000000000000000303 /* Resources */,
			);
			buildRules = (
			);
			dependencies = (
				C10000000000000000000702 /* PBXTargetDependency */,
			);
			name = ThruRNDISTests;
			productName = ThruRNDISTests;
			productReference = C10000000000000000000105 /* ThruRNDISTests.xctest */;
			productType = "com.apple.product-type.bundle.unit-test";
		};
/* End PBXNativeTarget section */

/* Begin PBXProject section */
		374FD24F24CBADD100890848 /* Project object */ = {
			isa = PBXProject;
			attributes = {
				LastSwiftUpdateCheck = 1200;
				LastUpgradeCheck = 1200;
				ORGANIZATIONNAME = Afcoo;
				TargetAttributes = {
					374FD25624CBADD100890848 = {
						CreatedOnToolsVersion = 12.0;
					};
					C10000000000000000000401 = {
						CreatedOnToolsVersion = 27.0;
						TestTargetID = 374FD25624CBADD100890848;
					};
				};
			};
			buildConfigurationList = 374FD25224CBADD100890848 /* Build configuration list for PBXProject "ThruRNDIS" */;
			compatibilityVersion = "Xcode 9.3";
			developmentRegion = en;
			hasScannedForEncodings = 0;
			knownRegions = (
				en,
				ko,
				Base,
			);
			mainGroup = 374FD24E24CBADD100890848;
			packageReferences = (
				8E0000000000000000000101 /* XCRemoteSwiftPackageReference "SwiftTerm" */,
			);
			productRefGroup = 374FD25824CBADD100890848 /* Products */;
			projectDirPath = "";
			projectRoot = "";
			targets = (
				374FD25624CBADD100890848 /* ThruRNDIS */,
				C10000000000000000000401 /* ThruRNDISTests */,
			);
		};
/* End PBXProject section */

/* Begin PBXResourcesBuildPhase section */
		8D0000000000000000000301 /* Resources */ = {
			isa = PBXResourcesBuildPhase;
			buildActionMask = 2147483647;
			files = (
				7A0000000000000000000001 /* ThruRNDIS.icon in Resources */,
				7B0000000000000000000001 /* ThruRNDISMenuBarIcon.svg in Resources */,
				F10000000000000000000001 /* AccessoryAccessOnboarding.mp4 in Resources */,
				G10000000000000000000001 /* Localizable.xcstrings in Resources */,
			);
			runOnlyForDeploymentPostprocessing = 0;
		};
		C10000000000000000000303 /* Resources */ = {
			isa = PBXResourcesBuildPhase;
			buildActionMask = 2147483647;
			files = (
			);
			runOnlyForDeploymentPostprocessing = 0;
		};
/* End PBXResourcesBuildPhase section */

/* Begin PBXSourcesBuildPhase section */
		374FD25324CBADD100890848 /* Sources */ = {
			isa = PBXSourcesBuildPhase;
			buildActionMask = 2147483647;
			files = (
				8B0000000000000000000001 /* App.swift in Sources */,
				8B0000000000000000000003 /* USBAccessoryRecord.swift in Sources */,
				8B0000000000000000000004 /* VMRuntimeState.swift in Sources */,
				8B0000000000000000000005 /* USBAccessoryMonitor.swift in Sources */,
				8B0000000000000000000007 /* VMConfigurationFactory.swift in Sources */,
				8B0000000000000000000008 /* TetheringStore.swift in Sources */,
				H10000000000000000000001 /* EventLogStore.swift in Sources */,
				D10000000000000000000001 /* ConsoleSessionStore.swift in Sources */,
				D10000000000000000000002 /* USBSessionStore.swift in Sources */,
				D10000000000000000000003 /* VMConfigurationStore.swift in Sources */,
				F20000000000000000000001 /* VideoPlaybackStore.swift in Sources */,
				D10000000000000000000004 /* VMCoordinating.swift in Sources */,
				D10000000000000000000006 /* VMAssetStorageLayout.swift in Sources */,
				E10000000000000000000001 /* USBDeviceNameResolver.swift in Sources */,
				8B0000000000000000000009 /* Clipboard.swift in Sources */,
				8B000000000000000000000A /* FilePicker.swift in Sources */,
				8B0000000000000000000012 /* RuntimeEntitlements.swift in Sources */,
				8F0000000000000000000001 /* WireGuardSettings.swift in Sources */,
				8F0000000000000000000005 /* WireGuardConfStore.swift in Sources */,
				8F0000000000000000000002 /* WireGuardConfBuilder.swift in Sources */,
				8F0000000000000000000003 /* VMCoordinator.swift in Sources */,
				8F0000000000000000000004 /* USBAccessoryCoordinator.swift in Sources */,
				9A0000000000000000000001 /* MenuBarController.swift in Sources */,
				9A0000000000000000000002 /* OnboardingWindowController.swift in Sources */,
				9A0000000000000000000007 /* SettingsWindowController.swift in Sources */,
				9A0000000000000000000008 /* ConsoleWindowController.swift in Sources */,
				9A0000000000000000000003 /* USBAttachmentPrompt.swift in Sources */,
				9A0000000000000000000004 /* LaunchAtLoginService.swift in Sources */,
				8B000000000000000000000B /* SettingsView.swift in Sources */,
				9A0000000000000000000005 /* GeneralView.swift in Sources */,
				9A0000000000000000000009 /* InfoView.swift in Sources */,
				9A0000000000000000000006 /* OnboardingView.swift in Sources */,
				8B000000000000000000000C /* VirtualMachineView.swift in Sources */,
				8B000000000000000000000D /* USBDevicesView.swift in Sources */,
				8B000000000000000000000E /* ConsoleView.swift in Sources */,
				8B000000000000000000000F /* WireGuardView.swift in Sources */,
				E20000000000000000000001 /* ReplayableVideoView.swift in Sources */,
				E20000000000000000000002 /* HeaderView.swift in Sources */,
				E20000000000000000000003 /* CommandBlock.swift in Sources */,
				E20000000000000000000004 /* LogTextView.swift in Sources */,
				E20000000000000000000005 /* EventLogGroup.swift in Sources */,
				B10000000000000000000001 /* VMAssetModels.swift in Sources */,
				B10000000000000000000002 /* VMAssetFolderResolver.swift in Sources */,
				B10000000000000000000003 /* GitHubVMAssetReleaseService.swift in Sources */,
				B10000000000000000000004 /* VMAssetDownloadService.swift in Sources */,
				B10000000000000000000005 /* VMAssetInstallService.swift in Sources */,
				B10000000000000000000006 /* VMAssetSelectionStore.swift in Sources */,
				B10000000000000000000007 /* VMAssetWorkflowCoordinator.swift in Sources */,
			);
			runOnlyForDeploymentPostprocessing = 0;
		};
		C10000000000000000000301 /* Sources */ = {
			isa = PBXSourcesBuildPhase;
			buildActionMask = 2147483647;
			files = (
				D10000000000000000000005 /* SessionStoreTests.swift in Sources */,
				C10000000000000000000001 /* VMAssetTestSupport.swift in Sources */,
				C10000000000000000000002 /* VMAssetSelectionStoreTests.swift in Sources */,
				C10000000000000000000003 /* VMAssetServiceTests.swift in Sources */,
				C10000000000000000000004 /* VMAssetWorkflowCoordinatorTests.swift in Sources */,
			);
			runOnlyForDeploymentPostprocessing = 0;
		};
/* End PBXSourcesBuildPhase section */

/* Begin PBXTargetDependency section */
		C10000000000000000000702 /* PBXTargetDependency */ = {
			isa = PBXTargetDependency;
			target = 374FD25624CBADD100890848 /* ThruRNDIS */;
			targetProxy = C10000000000000000000701 /* PBXContainerItemProxy */;
		};
/* End PBXTargetDependency section */

/* Begin XCBuildConfiguration section */
		374FD25C24CBADD100890848 /* Debug */ = {
			isa = XCBuildConfiguration;
			baseConfigurationReference = E3865CF719CB3E4197A4D3A9 /* BuildSettings.xcconfig */;
			buildSettings = {
				ALWAYS_SEARCH_USER_PATHS = NO;
				CLANG_ANALYZER_NONNULL = YES;
				CLANG_ANALYZER_NUMBER_OBJECT_CONVERSION = YES_AGGRESSIVE;
				CLANG_CXX_LANGUAGE_STANDARD = "gnu++14";
				CLANG_CXX_LIBRARY = "libc++";
				CLANG_ENABLE_MODULES = YES;
				CLANG_ENABLE_OBJC_ARC = YES;
				CLANG_ENABLE_OBJC_WEAK = YES;
				CLANG_WARN_BLOCK_CAPTURE_AUTORELEASING = YES;
				CLANG_WARN_BOOL_CONVERSION = YES;
				CLANG_WARN_COMMA = YES;
				CLANG_WARN_CONSTANT_CONVERSION = YES;
				CLANG_WARN_DEPRECATED_OBJC_IMPLEMENTATIONS = YES;
				CLANG_WARN_DIRECT_OBJC_ISA_USAGE = YES_ERROR;
				CLANG_WARN_DOCUMENTATION_COMMENTS = YES;
				CLANG_WARN_EMPTY_BODY = YES;
				CLANG_WARN_ENUM_CONVERSION = YES;
				CLANG_WARN_INFINITE_RECURSION = YES;
				CLANG_WARN_INT_CONVERSION = YES;
				CLANG_WARN_NON_LITERAL_NULL_CONVERSION = YES;
				CLANG_WARN_OBJC_IMPLICIT_RETAIN_SELF = YES;
				CLANG_WARN_OBJC_LITERAL_CONVERSION = YES;
				CLANG_WARN_OBJC_ROOT_CLASS = YES_ERROR;
				CLANG_WARN_QUOTED_INCLUDE_IN_FRAMEWORK_HEADER = YES;
				CLANG_WARN_RANGE_LOOP_ANALYSIS = YES;
				CLANG_WARN_STRICT_PROTOTYPES = YES;
				CLANG_WARN_SUSPICIOUS_MOVE = YES;
				CLANG_WARN_UNGUARDED_AVAILABILITY = YES_AGGRESSIVE;
				CLANG_WARN_UNREACHABLE_CODE = YES;
				CLANG_WARN__DUPLICATE_METHOD_MATCH = YES;
				COPY_PHASE_STRIP = NO;
				DEBUG_INFORMATION_FORMAT = dwarf;
				ENABLE_STRICT_OBJC_MSGSEND = YES;
				ENABLE_TESTABILITY = YES;
				GCC_C_LANGUAGE_STANDARD = gnu11;
				GCC_DYNAMIC_NO_PIC = NO;
				GCC_NO_COMMON_BLOCKS = YES;
				GCC_OPTIMIZATION_LEVEL = 0;
				GCC_PREPROCESSOR_DEFINITIONS = (
					"DEBUG=1",
					"$(inherited)",
				);
				GCC_WARN_64_TO_32_BIT_CONVERSION = YES;
				GCC_WARN_ABOUT_RETURN_TYPE = YES_ERROR;
				GCC_WARN_UNDECLARED_SELECTOR = YES;
				GCC_WARN_UNINITIALIZED_AUTOS = YES_AGGRESSIVE;
				GCC_WARN_UNUSED_FUNCTION = YES;
				GCC_WARN_UNUSED_VARIABLE = YES;
				MACOSX_DEPLOYMENT_TARGET = 11.0;
				MTL_ENABLE_DEBUG_INFO = INCLUDE_SOURCE;
				MTL_FAST_MATH = YES;
				ONLY_ACTIVE_ARCH = YES;
				SDKROOT = macosx;
				SWIFT_ACTIVE_COMPILATION_CONDITIONS = DEBUG;
				SWIFT_OPTIMIZATION_LEVEL = "-Onone";
			};
			name = Debug;
		};
		374FD25D24CBADD100890848 /* Release */ = {
			isa = XCBuildConfiguration;
			baseConfigurationReference = E3865CF719CB3E4197A4D3A9 /* BuildSettings.xcconfig */;
			buildSettings = {
				ALWAYS_SEARCH_USER_PATHS = NO;
				CLANG_ANALYZER_NONNULL = YES;
				CLANG_ANALYZER_NUMBER_OBJECT_CONVERSION = YES_AGGRESSIVE;
				CLANG_CXX_LANGUAGE_STANDARD = "gnu++14";
				CLANG_CXX_LIBRARY = "libc++";
				CLANG_ENABLE_MODULES = YES;
				CLANG_ENABLE_OBJC_ARC = YES;
				CLANG_ENABLE_OBJC_WEAK = YES;
				CLANG_WARN_BLOCK_CAPTURE_AUTORELEASING = YES;
				CLANG_WARN_BOOL_CONVERSION = YES;
				CLANG_WARN_COMMA = YES;
				CLANG_WARN_CONSTANT_CONVERSION = YES;
				CLANG_WARN_DEPRECATED_OBJC_IMPLEMENTATIONS = YES;
				CLANG_WARN_DIRECT_OBJC_ISA_USAGE = YES_ERROR;
				CLANG_WARN_DOCUMENTATION_COMMENTS = YES;
				CLANG_WARN_EMPTY_BODY = YES;
				CLANG_WARN_ENUM_CONVERSION = YES;
				CLANG_WARN_INFINITE_RECURSION = YES;
				CLANG_WARN_INT_CONVERSION = YES;
				CLANG_WARN_NON_LITERAL_NULL_CONVERSION = YES;
				CLANG_WARN_OBJC_IMPLICIT_RETAIN_SELF = YES;
				CLANG_WARN_OBJC_LITERAL_CONVERSION = YES;
				CLANG_WARN_OBJC_ROOT_CLASS = YES_ERROR;
				CLANG_WARN_QUOTED_INCLUDE_IN_FRAMEWORK_HEADER = YES;
				CLANG_WARN_RANGE_LOOP_ANALYSIS = YES;
				CLANG_WARN_STRICT_PROTOTYPES = YES;
				CLANG_WARN_SUSPICIOUS_MOVE = YES;
				CLANG_WARN_UNGUARDED_AVAILABILITY = YES_AGGRESSIVE;
				CLANG_WARN_UNREACHABLE_CODE = YES;
				CLANG_WARN__DUPLICATE_METHOD_MATCH = YES;
				COPY_PHASE_STRIP = NO;
				DEBUG_INFORMATION_FORMAT = "dwarf-with-dsym";
				ENABLE_NS_ASSERTIONS = NO;
				ENABLE_STRICT_OBJC_MSGSEND = YES;
				GCC_C_LANGUAGE_STANDARD = gnu11;
				GCC_NO_COMMON_BLOCKS = YES;
				GCC_WARN_64_TO_32_BIT_CONVERSION = YES;
				GCC_WARN_ABOUT_RETURN_TYPE = YES_ERROR;
				GCC_WARN_UNDECLARED_SELECTOR = YES;
				GCC_WARN_UNINITIALIZED_AUTOS = YES_AGGRESSIVE;
				GCC_WARN_UNUSED_FUNCTION = YES;
				GCC_WARN_UNUSED_VARIABLE = YES;
				MACOSX_DEPLOYMENT_TARGET = 11.0;
				MTL_ENABLE_DEBUG_INFO = NO;
				MTL_FAST_MATH = YES;
				SDKROOT = macosx;
				SWIFT_COMPILATION_MODE = wholemodule;
				SWIFT_OPTIMIZATION_LEVEL = "-O";
			};
			name = Release;
		};
		374FD25F24CBADD100890848 /* Debug */ = {
			isa = XCBuildConfiguration;
			baseConfigurationReference = E3865CF719CB3E4197A4D3A9 /* BuildSettings.xcconfig */;
			buildSettings = {
				ASSETCATALOG_COMPILER_APPICON_NAME = ThruRNDIS;
				CODE_SIGN_ENTITLEMENTS = ThruRNDIS/ThruRNDIS.entitlements;
				CODE_SIGN_IDENTITY = "Apple Development";
				CODE_SIGN_STYLE = Automatic;
				CURRENT_PROJECT_VERSION = 1;
				ENABLE_USER_SCRIPT_SANDBOXING = YES;
				GENERATE_INFOPLIST_FILE = NO;
				INFOPLIST_FILE = ThruRNDIS/Info.plist;
				INFOPLIST_KEY_CFBundleDisplayName = ThruRNDIS;
				LD_RUNPATH_SEARCH_PATHS = (
					"$(inherited)",
					"@executable_path/../Frameworks",
				);
				MACOSX_DEPLOYMENT_TARGET = 27.0;
				MARKETING_VERSION = 0.1.0;
				PRODUCT_BUNDLE_IDENTIFIER = "$(THRURNDIS_APP_BUNDLE_IDENTIFIER)";
				PRODUCT_NAME = ThruRNDIS;
				PROVISIONING_PROFILE_SPECIFIER = "";
				SWIFT_VERSION = 5.0;
			};
			name = Debug;
		};
		374FD26024CBADD100890848 /* Release */ = {
			isa = XCBuildConfiguration;
			baseConfigurationReference = E3865CF719CB3E4197A4D3A9 /* BuildSettings.xcconfig */;
			buildSettings = {
				ASSETCATALOG_COMPILER_APPICON_NAME = ThruRNDIS;
				CODE_SIGN_ENTITLEMENTS = ThruRNDIS/ThruRNDIS.entitlements;
				CODE_SIGN_IDENTITY = "Apple Development";
				CODE_SIGN_STYLE = Automatic;
				CURRENT_PROJECT_VERSION = 1;
				ENABLE_HARDENED_RUNTIME = YES;
				ENABLE_USER_SCRIPT_SANDBOXING = YES;
				GENERATE_INFOPLIST_FILE = NO;
				INFOPLIST_FILE = ThruRNDIS/Info.plist;
				INFOPLIST_KEY_CFBundleDisplayName = ThruRNDIS;
				LD_RUNPATH_SEARCH_PATHS = (
					"$(inherited)",
					"@executable_path/../Frameworks",
				);
				MACOSX_DEPLOYMENT_TARGET = 27.0;
				MARKETING_VERSION = 0.1.0;
				PRODUCT_BUNDLE_IDENTIFIER = "$(THRURNDIS_APP_BUNDLE_IDENTIFIER)";
				PRODUCT_NAME = ThruRNDIS;
				PROVISIONING_PROFILE_SPECIFIER = "";
				SWIFT_VERSION = 5.0;
			};
			name = Release;
		};
		8B0000000000000000000301 /* RuntimeDebug */ = {
			isa = XCBuildConfiguration;
			baseConfigurationReference = E3865CF719CB3E4197A4D3A9 /* BuildSettings.xcconfig */;
			buildSettings = {
				ALWAYS_SEARCH_USER_PATHS = NO;
				CLANG_ANALYZER_NONNULL = YES;
				CLANG_ANALYZER_NUMBER_OBJECT_CONVERSION = YES_AGGRESSIVE;
				CLANG_CXX_LANGUAGE_STANDARD = "gnu++14";
				CLANG_CXX_LIBRARY = "libc++";
				CLANG_ENABLE_MODULES = YES;
				CLANG_ENABLE_OBJC_ARC = YES;
				CLANG_ENABLE_OBJC_WEAK = YES;
				CLANG_WARN_BLOCK_CAPTURE_AUTORELEASING = YES;
				CLANG_WARN_BOOL_CONVERSION = YES;
				CLANG_WARN_COMMA = YES;
				CLANG_WARN_CONSTANT_CONVERSION = YES;
				CLANG_WARN_DEPRECATED_OBJC_IMPLEMENTATIONS = YES;
				CLANG_WARN_DIRECT_OBJC_ISA_USAGE = YES_ERROR;
				CLANG_WARN_DOCUMENTATION_COMMENTS = YES;
				CLANG_WARN_EMPTY_BODY = YES;
				CLANG_WARN_ENUM_CONVERSION = YES;
				CLANG_WARN_INFINITE_RECURSION = YES;
				CLANG_WARN_INT_CONVERSION = YES;
				CLANG_WARN_NON_LITERAL_NULL_CONVERSION = YES;
				CLANG_WARN_OBJC_IMPLICIT_RETAIN_SELF = YES;
				CLANG_WARN_OBJC_LITERAL_CONVERSION = YES;
				CLANG_WARN_OBJC_ROOT_CLASS = YES_ERROR;
				CLANG_WARN_QUOTED_INCLUDE_IN_FRAMEWORK_HEADER = YES;
				CLANG_WARN_RANGE_LOOP_ANALYSIS = YES;
				CLANG_WARN_STRICT_PROTOTYPES = YES;
				CLANG_WARN_SUSPICIOUS_MOVE = YES;
				CLANG_WARN_UNGUARDED_AVAILABILITY = YES_AGGRESSIVE;
				CLANG_WARN_UNREACHABLE_CODE = YES;
				CLANG_WARN__DUPLICATE_METHOD_MATCH = YES;
				COPY_PHASE_STRIP = NO;
				DEBUG_INFORMATION_FORMAT = dwarf;
				ENABLE_STRICT_OBJC_MSGSEND = YES;
				ENABLE_TESTABILITY = YES;
				GCC_C_LANGUAGE_STANDARD = gnu11;
				GCC_DYNAMIC_NO_PIC = NO;
				GCC_NO_COMMON_BLOCKS = YES;
				GCC_OPTIMIZATION_LEVEL = 0;
				GCC_PREPROCESSOR_DEFINITIONS = (
					"DEBUG=1",
					"$(inherited)",
				);
				GCC_WARN_64_TO_32_BIT_CONVERSION = YES;
				GCC_WARN_ABOUT_RETURN_TYPE = YES_ERROR;
				GCC_WARN_UNDECLARED_SELECTOR = YES;
				GCC_WARN_UNINITIALIZED_AUTOS = YES_AGGRESSIVE;
				GCC_WARN_UNUSED_FUNCTION = YES;
				GCC_WARN_UNUSED_VARIABLE = YES;
				MACOSX_DEPLOYMENT_TARGET = 11.0;
				MTL_ENABLE_DEBUG_INFO = INCLUDE_SOURCE;
				MTL_FAST_MATH = YES;
				ONLY_ACTIVE_ARCH = YES;
				SDKROOT = macosx;
				SWIFT_ACTIVE_COMPILATION_CONDITIONS = DEBUG;
				SWIFT_OPTIMIZATION_LEVEL = "-Onone";
			};
			name = RuntimeDebug;
		};
		8B0000000000000000000302 /* RuntimeDebug */ = {
			isa = XCBuildConfiguration;
			baseConfigurationReference = E3865CF719CB3E4197A4D3A9 /* BuildSettings.xcconfig */;
			buildSettings = {
				ASSETCATALOG_COMPILER_APPICON_NAME = ThruRNDIS;
				CODE_SIGN_ENTITLEMENTS = ThruRNDIS/Runtime.entitlements;
				CODE_SIGN_IDENTITY = "Apple Development";
				CODE_SIGN_STYLE = Automatic;
				CURRENT_PROJECT_VERSION = 1;
				ENABLE_USER_SCRIPT_SANDBOXING = YES;
				GENERATE_INFOPLIST_FILE = NO;
				INFOPLIST_FILE = ThruRNDIS/Info.plist;
				INFOPLIST_KEY_CFBundleDisplayName = ThruRNDIS;
				LD_RUNPATH_SEARCH_PATHS = (
					"$(inherited)",
					"@executable_path/../Frameworks",
				);
				MACOSX_DEPLOYMENT_TARGET = 27.0;
				MARKETING_VERSION = 0.1.0;
				PRODUCT_BUNDLE_IDENTIFIER = "$(THRURNDIS_APP_BUNDLE_IDENTIFIER)";
				PRODUCT_NAME = ThruRNDIS;
				PROVISIONING_PROFILE_SPECIFIER = "";
				SWIFT_VERSION = 5.0;
			};
			name = RuntimeDebug;
		};
		C10000000000000000000501 /* Debug */ = {
			isa = XCBuildConfiguration;
			baseConfigurationReference = E3865CF719CB3E4197A4D3A9 /* BuildSettings.xcconfig */;
			buildSettings = {
				BUNDLE_LOADER = "$(TEST_HOST)";
				CODE_SIGN_STYLE = Automatic;
				GENERATE_INFOPLIST_FILE = YES;
				LD_RUNPATH_SEARCH_PATHS = (
					"$(inherited)",
					"@executable_path/../Frameworks",
					"@loader_path/../Frameworks",
				);
				MACOSX_DEPLOYMENT_TARGET = 27.0;
				PRODUCT_BUNDLE_IDENTIFIER = "$(THRURNDIS_APP_BUNDLE_IDENTIFIER).tests";
				PRODUCT_NAME = "$(TARGET_NAME)";
				SDKROOT = macosx;
				SWIFT_VERSION = 5.0;
				TEST_HOST = "$(BUILT_PRODUCTS_DIR)/ThruRNDIS.app/Contents/MacOS/ThruRNDIS";
			};
			name = Debug;
		};
		C10000000000000000000502 /* Release */ = {
			isa = XCBuildConfiguration;
			baseConfigurationReference = E3865CF719CB3E4197A4D3A9 /* BuildSettings.xcconfig */;
			buildSettings = {
				BUNDLE_LOADER = "$(TEST_HOST)";
				CODE_SIGN_STYLE = Automatic;
				GENERATE_INFOPLIST_FILE = YES;
				MACOSX_DEPLOYMENT_TARGET = 27.0;
				PRODUCT_BUNDLE_IDENTIFIER = "$(THRURNDIS_APP_BUNDLE_IDENTIFIER).tests";
				PRODUCT_NAME = "$(TARGET_NAME)";
				SDKROOT = macosx;
				SWIFT_VERSION = 5.0;
				TEST_HOST = "$(BUILT_PRODUCTS_DIR)/ThruRNDIS.app/Contents/MacOS/ThruRNDIS";
			};
			name = Release;
		};
		C10000000000000000000503 /* RuntimeDebug */ = {
			isa = XCBuildConfiguration;
			baseConfigurationReference = E3865CF719CB3E4197A4D3A9 /* BuildSettings.xcconfig */;
			buildSettings = {
				BUNDLE_LOADER = "$(TEST_HOST)";
				CODE_SIGN_STYLE = Automatic;
				GENERATE_INFOPLIST_FILE = YES;
				MACOSX_DEPLOYMENT_TARGET = 27.0;
				PRODUCT_BUNDLE_IDENTIFIER = "$(THRURNDIS_APP_BUNDLE_IDENTIFIER).tests";
				PRODUCT_NAME = "$(TARGET_NAME)";
				SDKROOT = macosx;
				SWIFT_VERSION = 5.0;
				TEST_HOST = "$(BUILT_PRODUCTS_DIR)/ThruRNDIS.app/Contents/MacOS/ThruRNDIS";
			};
			name = RuntimeDebug;
		};
/* End XCBuildConfiguration section */

/* Begin XCConfigurationList section */
		374FD25224CBADD100890848 /* Build configuration list for PBXProject "ThruRNDIS" */ = {
			isa = XCConfigurationList;
			buildConfigurations = (
				374FD25C24CBADD100890848 /* Debug */,
				374FD25D24CBADD100890848 /* Release */,
				8B0000000000000000000301 /* RuntimeDebug */,
			);
			defaultConfigurationIsVisible = 0;
			defaultConfigurationName = Release;
		};
		374FD25E24CBADD100890848 /* Build configuration list for PBXNativeTarget "ThruRNDIS" */ = {
			isa = XCConfigurationList;
			buildConfigurations = (
				374FD25F24CBADD100890848 /* Debug */,
				374FD26024CBADD100890848 /* Release */,
				8B0000000000000000000302 /* RuntimeDebug */,
			);
			defaultConfigurationIsVisible = 0;
			defaultConfigurationName = Release;
		};
		C10000000000000000000601 /* Build configuration list for PBXNativeTarget "ThruRNDISTests" */ = {
			isa = XCConfigurationList;
			buildConfigurations = (
				C10000000000000000000501 /* Debug */,
				C10000000000000000000502 /* Release */,
				C10000000000000000000503 /* RuntimeDebug */,
			);
			defaultConfigurationIsVisible = 0;
			defaultConfigurationName = Release;
		};
/* End XCConfigurationList section */

/* Begin XCRemoteSwiftPackageReference section */
		8E0000000000000000000101 /* XCRemoteSwiftPackageReference "SwiftTerm" */ = {
			isa = XCRemoteSwiftPackageReference;
			repositoryURL = "https://github.com/migueldeicaza/SwiftTerm.git";
			requirement = {
				kind = revision;
				revision = b1262db5b6bea699a8260a8c66999436c508ca56;
			};
		};
/* End XCRemoteSwiftPackageReference section */

/* Begin XCSwiftPackageProductDependency section */
		8E0000000000000000000102 /* SwiftTerm */ = {
			isa = XCSwiftPackageProductDependency;
			package = 8E0000000000000000000101 /* XCRemoteSwiftPackageReference "SwiftTerm" */;
			productName = SwiftTerm;
		};
/* End XCSwiftPackageProductDependency section */
	};
	rootObject = 374FD24F24CBADD100890848 /* Project object */;
}
